
Microsoft Visual Studio Solution File, Format Version 12.00
# Visual Studio Version 16
VisualStudioVersion = 16.0.32428.217
MinimumVisualStudioVersion = 10.0.40219.1
Project("{9A19103F-16F7-4668-BE54-9A1E7A4F7556}") = "dependencies", "dependencies.csproj", "{FF4A6E2B-969E-44A2-85EB-10376742BA5F}"
EndProject
Project("{2150E333-8FDC-42A3-9474-1A3956D46DE8}") = "deps", "deps", "{3A59F3A0-0EF5-4C59-8005-7C0BD1C7E377}"
EndProject
Project("{9A19103F-16F7-4668-BE54-9A1E7A4F7556}") = "HeckLib", "..\..\hecklib-core\Source\HeckLib\HeckLib.csproj", "{DC965EE0-0A2D-4009-A62D-7DBD311331F8}"
EndProject
Project("{9A19103F-16F7-4668-BE54-9A1E7A4F7556}") = "hecklib-win32", "..\..\hecklib-win32\Source\hecklibWin32\hecklib-win32.csproj", "{0BE923AC-ED68-43BA-9DDF-FD26ED254E66}"
EndProject
Project("{9A19103F-16F7-4668-BE54-9A1E7A4F7556}") = "PdfSharp.Xps", "..\..\hecklib-win32\lib\PdfSharp.Xps\PdfSharp.Xps.csproj", "{82D4C03F-12C2-4698-A85C-7D583608378C}"
EndProject
Project("{9A19103F-16F7-4668-BE54-9A1E7A4F7556}") = "ImgtFilterLib", "..\..\ImgtFilter2\Source\ImgtFilterLib\ImgtFilterLib.csproj", "{9BC9248A-24AA-4E22-B4F9-83F80593129E}"
EndProject
Project("{9A19103F-16F7-4668-BE54-9A1E7A4F7556}") = "hecklib-rawfiles", "..\..\hecklib-rawfiles\Source\hecklib-rawfiles\hecklib-rawfiles.csproj", "{5F9F612E-7DE9-43FC-BCDF-F147B7023339}"
EndProject
Project("{9A19103F-16F7-4668-BE54-9A1E7A4F7556}") = "hecklib-rawfiles-mgf", "..\..\hecklib-rawfiles\Source\hecklib-rawfiles-mgf\hecklib-rawfiles-mgf.csproj", "{57A83538-D098-438C-8FDF-3E8CE7B559BE}"
EndProject
Project("{9A19103F-16F7-4668-BE54-9A1E7A4F7556}") = "hecklib-rawfiles-thermo", "..\..\hecklib-rawfiles\Source\hecklib-rawfiles-thermo\hecklib-rawfiles-thermo.csproj", "{86B7C1F3-F9EC-4128-A672-B088A505C0E7}"
EndProject
Project("{9A19103F-16F7-4668-BE54-9A1E7A4F7556}") = "hecklib-precalc", "..\..\hecklib-precalc\Source\hecklib-precalc\hecklib-precalc.csproj", "{41B2CE08-9578-42F2-B66D-B27DEB081059}"
EndProject
Project("{9A19103F-16F7-4668-BE54-9A1E7A4F7556}") = "Bio.Core", "..\..\biocore\Source\Bio.Core\Bio.Core.csproj", "{399BACDD-F969-42B3-A8B6-7A0CAE894741}"
EndProject
Project("{9A19103F-16F7-4668-BE54-9A1E7A4F7556}") = "hecklib-database", "..\..\hecklib-database\Source\hecklib-database\hecklib-database.csproj", "{49497DED-8CDF-49CD-9A59-00B7403C4A98}"
EndProject
Project("{9A19103F-16F7-4668-BE54-9A1E7A4F7556}") = "PsrmLib", "..\..\PsrmUtils\Source\PsrmLib\PsrmLib.csproj", "{06DA536F-18C8-461F-9580-38675C0F9366}"
EndProject
Project("{9A19103F-16F7-4668-BE54-9A1E7A4F7556}") = "hecklib-graphics", "..\..\hecklib-graphics\Source\hecklib-graphics\hecklib-graphics.csproj", "{0CA82973-B562-401A-8919-76AC69E3BC6F}"
EndProject
Global
	GlobalSection(SolutionConfigurationPlatforms) = preSolution
		Debug|Any CPU = Debug|Any CPU
		Debug|x86 = Debug|x86
		Local|Any CPU = Local|Any CPU
		Local|x86 = Local|x86
		LocalCi|Any CPU = LocalCi|Any CPU
		LocalCi|x86 = LocalCi|x86
		Release|Any CPU = Release|Any CPU
		Release|x86 = Release|x86
	EndGlobalSection
	GlobalSection(ProjectConfigurationPlatforms) = postSolution
		{FF4A6E2B-969E-44A2-85EB-10376742BA5F}.Debug|Any CPU.ActiveCfg = Debug|Any CPU
		{FF4A6E2B-969E-44A2-85EB-10376742BA5F}.Debug|Any CPU.Build.0 = Debug|Any CPU
		{FF4A6E2B-969E-44A2-85EB-10376742BA5F}.Debug|x86.ActiveCfg = Debug|Any CPU
		{FF4A6E2B-969E-44A2-85EB-10376742BA5F}.Debug|x86.Build.0 = Debug|Any CPU
		{FF4A6E2B-969E-44A2-85EB-10376742BA5F}.Local|Any CPU.ActiveCfg = Local|Any CPU
		{FF4A6E2B-969E-44A2-85EB-10376742BA5F}.Local|Any CPU.Build.0 = Local|Any CPU
		{FF4A6E2B-969E-44A2-85EB-10376742BA5F}.Local|x86.ActiveCfg = Local|Any CPU
		{FF4A6E2B-969E-44A2-85EB-10376742BA5F}.Local|x86.Build.0 = Local|Any CPU
		{FF4A6E2B-969E-44A2-85EB-10376742BA5F}.LocalCi|Any CPU.ActiveCfg = LocalCi|Any CPU
		{FF4A6E2B-969E-44A2-85EB-10376742BA5F}.LocalCi|Any CPU.Build.0 = LocalCi|Any CPU
		{FF4A6E2B-969E-44A2-85EB-10376742BA5F}.LocalCi|x86.ActiveCfg = LocalCi|Any CPU
		{FF4A6E2B-969E-44A2-85EB-10376742BA5F}.LocalCi|x86.Build.0 = LocalCi|Any CPU
		{FF4A6E2B-969E-44A2-85EB-10376742BA5F}.Release|Any CPU.ActiveCfg = Release|Any CPU
		{FF4A6E2B-969E-44A2-85EB-10376742BA5F}.Release|Any CPU.Build.0 = Release|Any CPU
		{FF4A6E2B-969E-44A2-85EB-10376742BA5F}.Release|x86.ActiveCfg = Release|Any CPU
		{FF4A6E2B-969E-44A2-85EB-10376742BA5F}.Release|x86.Build.0 = Release|Any CPU
		{DC965EE0-0A2D-4009-A62D-7DBD311331F8}.Debug|Any CPU.ActiveCfg = Debug|Any CPU
		{DC965EE0-0A2D-4009-A62D-7DBD311331F8}.Debug|Any CPU.Build.0 = Debug|Any CPU
		{DC965EE0-0A2D-4009-A62D-7DBD311331F8}.Debug|x86.ActiveCfg = Debug|Any CPU
		{DC965EE0-0A2D-4009-A62D-7DBD311331F8}.Debug|x86.Build.0 = Debug|Any CPU
		{DC965EE0-0A2D-4009-A62D-7DBD311331F8}.Local|Any CPU.ActiveCfg = Local|Any CPU
		{DC965EE0-0A2D-4009-A62D-7DBD311331F8}.Local|Any CPU.Build.0 = Local|Any CPU
		{DC965EE0-0A2D-4009-A62D-7DBD311331F8}.Local|x86.ActiveCfg = Local|Any CPU
		{DC965EE0-0A2D-4009-A62D-7DBD311331F8}.Local|x86.Build.0 = Local|Any CPU
		{DC965EE0-0A2D-4009-A62D-7DBD311331F8}.LocalCi|Any CPU.ActiveCfg = LocalCi|Any CPU
		{DC965EE0-0A2D-4009-A62D-7DBD311331F8}.LocalCi|Any CPU.Build.0 = LocalCi|Any CPU
		{DC965EE0-0A2D-4009-A62D-7DBD311331F8}.LocalCi|x86.ActiveCfg = LocalCi|Any CPU
		{DC965EE0-0A2D-4009-A62D-7DBD311331F8}.LocalCi|x86.Build.0 = LocalCi|Any CPU
		{DC965EE0-0A2D-4009-A62D-7DBD311331F8}.Release|Any CPU.ActiveCfg = Release|Any CPU
		{DC965EE0-0A2D-4009-A62D-7DBD311331F8}.Release|Any CPU.Build.0 = Release|Any CPU
		{DC965EE0-0A2D-4009-A62D-7DBD311331F8}.Release|x86.ActiveCfg = Release|Any CPU
		{DC965EE0-0A2D-4009-A62D-7DBD311331F8}.Release|x86.Build.0 = Release|Any CPU
		{0BE923AC-ED68-43BA-9DDF-FD26ED254E66}.Debug|Any CPU.ActiveCfg = Debug|Any CPU
		{0BE923AC-ED68-43BA-9DDF-FD26ED254E66}.Debug|Any CPU.Build.0 = Debug|Any CPU
		{0BE923AC-ED68-43BA-9DDF-FD26ED254E66}.Debug|x86.ActiveCfg = Debug|Any CPU
		{0BE923AC-ED68-43BA-9DDF-FD26ED254E66}.Debug|x86.Build.0 = Debug|Any CPU
		{0BE923AC-ED68-43BA-9DDF-FD26ED254E66}.Local|Any CPU.ActiveCfg = Local|Any CPU
		{0BE923AC-ED68-43BA-9DDF-FD26ED254E66}.Local|Any CPU.Build.0 = Local|Any CPU
		{0BE923AC-ED68-43BA-9DDF-FD26ED254E66}.Local|x86.ActiveCfg = Local|Any CPU
		{0BE923AC-ED68-43BA-9DDF-FD26ED254E66}.Local|x86.Build.0 = Local|Any CPU
		{0BE923AC-ED68-43BA-9DDF-FD26ED254E66}.LocalCi|Any CPU.ActiveCfg = LocalCi|Any CPU
		{0BE923AC-ED68-43BA-9DDF-FD26ED254E66}.LocalCi|Any CPU.Build.0 = LocalCi|Any CPU
		{0BE923AC-ED68-43BA-9DDF-FD26ED254E66}.LocalCi|x86.ActiveCfg = LocalCi|Any CPU
		{0BE923AC-ED68-43BA-9DDF-FD26ED254E66}.LocalCi|x86.Build.0 = LocalCi|Any CPU
		{0BE923AC-ED68-43BA-9DDF-FD26ED254E66}.Release|Any CPU.ActiveCfg = Release|Any CPU
		{0BE923AC-ED68-43BA-9DDF-FD26ED254E66}.Release|Any CPU.Build.0 = Release|Any CPU
		{0BE923AC-ED68-43BA-9DDF-FD26ED254E66}.Release|x86.ActiveCfg = Release|Any CPU
		{0BE923AC-ED68-43BA-9DDF-FD26ED254E66}.Release|x86.Build.0 = Release|Any CPU
		{82D4C03F-12C2-4698-A85C-7D583608378C}.Debug|Any CPU.ActiveCfg = Debug|Any CPU
		{82D4C03F-12C2-4698-A85C-7D583608378C}.Debug|Any CPU.Build.0 = Debug|Any CPU
		{82D4C03F-12C2-4698-A85C-7D583608378C}.Debug|x86.ActiveCfg = Debug|Any CPU
		{82D4C03F-12C2-4698-A85C-7D583608378C}.Debug|x86.Build.0 = Debug|Any CPU
		{82D4C03F-12C2-4698-A85C-7D583608378C}.Local|Any CPU.ActiveCfg = Local|Any CPU
		{82D4C03F-12C2-4698-A85C-7D583608378C}.Local|Any CPU.Build.0 = Local|Any CPU
		{82D4C03F-12C2-4698-A85C-7D583608378C}.Local|x86.ActiveCfg = Local|Any CPU
		{82D4C03F-12C2-4698-A85C-7D583608378C}.Local|x86.Build.0 = Local|Any CPU
		{82D4C03F-12C2-4698-A85C-7D583608378C}.LocalCi|Any CPU.ActiveCfg = LocalCi|Any CPU
		{82D4C03F-12C2-4698-A85C-7D583608378C}.LocalCi|Any CPU.Build.0 = LocalCi|Any CPU
		{82D4C03F-12C2-4698-A85C-7D583608378C}.LocalCi|x86.ActiveCfg = LocalCi|Any CPU
		{82D4C03F-12C2-4698-A85C-7D583608378C}.LocalCi|x86.Build.0 = LocalCi|Any CPU
		{82D4C03F-12C2-4698-A85C-7D583608378C}.Release|Any CPU.ActiveCfg = Release|Any CPU
		{82D4C03F-12C2-4698-A85C-7D583608378C}.Release|Any CPU.Build.0 = Release|Any CPU
		{82D4C03F-12C2-4698-A85C-7D583608378C}.Release|x86.ActiveCfg = Release|Any CPU
		{82D4C03F-12C2-4698-A85C-7D583608378C}.Release|x86.Build.0 = Release|Any CPU
		{9BC9248A-24AA-4E22-B4F9-83F80593129E}.Debug|Any CPU.ActiveCfg = Debug|Any CPU
		{9BC9248A-24AA-4E22-B4F9-83F80593129E}.Debug|Any CPU.Build.0 = Debug|Any CPU
		{9BC9248A-24AA-4E22-B4F9-83F80593129E}.Debug|x86.ActiveCfg = Debug|Any CPU
		{9BC9248A-24AA-4E22-B4F9-83F80593129E}.Debug|x86.Build.0 = Debug|Any CPU
		{9BC9248A-24AA-4E22-B4F9-83F80593129E}.Local|Any CPU.ActiveCfg = Local|Any CPU
		{9BC9248A-24AA-4E22-B4F9-83F80593129E}.Local|Any CPU.Build.0 = Local|Any CPU
		{9BC9248A-24AA-4E22-B4F9-83F80593129E}.Local|x86.ActiveCfg = Local|Any CPU
		{9BC9248A-24AA-4E22-B4F9-83F80593129E}.Local|x86.Build.0 = Local|Any CPU
		{9BC9248A-24AA-4E22-B4F9-83F80593129E}.LocalCi|Any CPU.ActiveCfg = LocalCi|Any CPU
		{9BC9248A-24AA-4E22-B4F9-83F80593129E}.LocalCi|Any CPU.Build.0 = LocalCi|Any CPU
		{9BC9248A-24AA-4E22-B4F9-83F80593129E}.LocalCi|x86.ActiveCfg = LocalCi|Any CPU
		{9BC9248A-24AA-4E22-B4F9-83F80593129E}.LocalCi|x86.Build.0 = LocalCi|Any CPU
		{9BC9248A-24AA-4E22-B4F9-83F80593129E}.Release|Any CPU.ActiveCfg = Release|Any CPU
		{9BC9248A-24AA-4E22-B4F9-83F80593129E}.Release|Any CPU.Build.0 = Release|Any CPU
		{9BC9248A-24AA-4E22-B4F9-83F80593129E}.Release|x86.ActiveCfg = Release|Any CPU
		{9BC9248A-24AA-4E22-B4F9-83F80593129E}.Release|x86.Build.0 = Release|Any CPU
		{5F9F612E-7DE9-43FC-BCDF-F147B7023339}.Debug|Any CPU.ActiveCfg = Debug|Any CPU
		{5F9F612E-7DE9-43FC-BCDF-F147B7023339}.Debug|Any CPU.Build.0 = Debug|Any CPU
		{5F9F612E-7DE9-43FC-BCDF-F147B7023339}.Debug|x86.ActiveCfg = Debug|Any CPU
		{5F9F612E-7DE9-43FC-BCDF-F147B7023339}.Debug|x86.Build.0 = Debug|Any CPU
		{5F9F612E-7DE9-43FC-BCDF-F147B7023339}.Local|Any CPU.ActiveCfg = Local|Any CPU
		{5F9F612E-7DE9-43FC-BCDF-F147B7023339}.Local|Any CPU.Build.0 = Local|Any CPU
		{5F9F612E-7DE9-43FC-BCDF-F147B7023339}.Local|x86.ActiveCfg = Local|Any CPU
		{5F9F612E-7DE9-43FC-BCDF-F147B7023339}.Local|x86.Build.0 = Local|Any CPU
		{5F9F612E-7DE9-43FC-BCDF-F147B7023339}.LocalCi|Any CPU.ActiveCfg = LocalCi|Any CPU
		{5F9F612E-7DE9-43FC-BCDF-F147B7023339}.LocalCi|Any CPU.Build.0 = LocalCi|Any CPU
		{5F9F612E-7DE9-43FC-BCDF-F147B7023339}.LocalCi|x86.ActiveCfg = LocalCi|Any CPU
		{5F9F612E-7DE9-43FC-BCDF-F147B7023339}.LocalCi|x86.Build.0 = LocalCi|Any CPU
		{5F9F612E-7DE9-43FC-BCDF-F147B7023339}.Release|Any CPU.ActiveCfg = Release|Any CPU
		{5F9F612E-7DE9-43FC-BCDF-F147B7023339}.Release|Any CPU.Build.0 = Release|Any CPU
		{5F9F612E-7DE9-43FC-BCDF-F147B7023339}.Release|x86.ActiveCfg = Release|Any CPU
		{5F9F612E-7DE9-43FC-BCDF-F147B7023339}.Release|x86.Build.0 = Release|Any CPU
		{57A83538-D098-438C-8FDF-3E8CE7B559BE}.Debug|Any CPU.ActiveCfg = Debug|Any CPU
		{57A83538-D098-438C-8FDF-3E8CE7B559BE}.Debug|Any CPU.Build.0 = Debug|Any CPU
		{57A83538-D098-438C-8FDF-3E8CE7B559BE}.Debug|x86.ActiveCfg = Debug|Any CPU
		{57A83538-D098-438C-8FDF-3E8CE7B559BE}.Debug|x86.Build.0 = Debug|Any CPU
		{57A83538-D098-438C-8FDF-3E8CE7B559BE}.Local|Any CPU.ActiveCfg = Local|Any CPU
		{57A83538-D098-438C-8FDF-3E8CE7B559BE}.Local|Any CPU.Build.0 = Local|Any CPU
		{57A83538-D098-438C-8FDF-3E8CE7B559BE}.Local|x86.ActiveCfg = Local|Any CPU
		{57A83538-D098-438C-8FDF-3E8CE7B559BE}.Local|x86.Build.0 = Local|Any CPU
		{57A83538-D098-438C-8FDF-3E8CE7B559BE}.LocalCi|Any CPU.ActiveCfg = LocalCi|Any CPU
		{57A83538-D098-438C-8FDF-3E8CE7B559BE}.LocalCi|Any CPU.Build.0 = LocalCi|Any CPU
		{57A83538-D098-438C-8FDF-3E8CE7B559BE}.LocalCi|x86.ActiveCfg = LocalCi|Any CPU
		{57A83538-D098-438C-8FDF-3E8CE7B559BE}.LocalCi|x86.Build.0 = LocalCi|Any CPU
		{57A83538-D098-438C-8FDF-3E8CE7B559BE}.Release|Any CPU.ActiveCfg = Release|Any CPU
		{57A83538-D098-438C-8FDF-3E8CE7B559BE}.Release|Any CPU.Build.0 = Release|Any CPU
		{57A83538-D098-438C-8FDF-3E8CE7B559BE}.Release|x86.ActiveCfg = Release|Any CPU
		{57A83538-D098-438C-8FDF-3E8CE7B559BE}.Release|x86.Build.0 = Release|Any CPU
		{86B7C1F3-F9EC-4128-A672-B088A505C0E7}.Debug|Any CPU.ActiveCfg = Debug|Any CPU
		{86B7C1F3-F9EC-4128-A672-B088A505C0E7}.Debug|Any CPU.Build.0 = Debug|Any CPU
		{86B7C1F3-F9EC-4128-A672-B088A505C0E7}.Debug|x86.ActiveCfg = Debug|Any CPU
		{86B7C1F3-F9EC-4128-A672-B088A505C0E7}.Debug|x86.Build.0 = Debug|Any CPU
		{86B7C1F3-F9EC-4128-A672-B088A505C0E7}.Local|Any CPU.ActiveCfg = Local|Any CPU
		{86B7C1F3-F9EC-4128-A672-B088A505C0E7}.Local|Any CPU.Build.0 = Local|Any CPU
		{86B7C1F3-F9EC-4128-A672-B088A505C0E7}.Local|x86.ActiveCfg = Local|Any CPU
		{86B7C1F3-F9EC-4128-A672-B088A505C0E7}.Local|x86.Build.0 = Local|Any CPU
		{86B7C1F3-F9EC-4128-A672-B088A505C0E7}.LocalCi|Any CPU.ActiveCfg = LocalCi|Any CPU
		{86B7C1F3-F9EC-4128-A672-B088A505C0E7}.LocalCi|Any CPU.Build.0 = LocalCi|Any CPU
		{86B7C1F3-F9EC-4128-A672-B088A505C0E7}.LocalCi|x86.ActiveCfg = LocalCi|Any CPU
		{86B7C1F3-F9EC-4128-A672-B088A505C0E7}.LocalCi|x86.Build.0 = LocalCi|Any CPU
		{86B7C1F3-F9EC-4128-A672-B088A505C0E7}.Release|Any CPU.ActiveCfg = Release|Any CPU
		{86B7C1F3-F9EC-4128-A672-B088A505C0E7}.Release|Any CPU.Build.0 = Release|Any CPU
		{86B7C1F3-F9EC-4128-A672-B088A505C0E7}.Release|x86.ActiveCfg = Release|Any CPU
		{86B7C1F3-F9EC-4128-A672-B088A505C0E7}.Release|x86.Build.0 = Release|Any CPU
		{41B2CE08-9578-42F2-B66D-B27DEB081059}.Debug|Any CPU.ActiveCfg = Debug|Any CPU
		{41B2CE08-9578-42F2-B66D-B27DEB081059}.Debug|Any CPU.Build.0 = Debug|Any CPU
		{41B2CE08-9578-42F2-B66D-B27DEB081059}.Debug|x86.ActiveCfg = Debug|Any CPU
		{41B2CE08-9578-42F2-B66D-B27DEB081059}.Debug|x86.Build.0 = Debug|Any CPU
		{41B2CE08-9578-42F2-B66D-B27DEB081059}.Local|Any CPU.ActiveCfg = Local|Any CPU
		{41B2CE08-9578-42F2-B66D-B27DEB081059}.Local|x86.ActiveCfg = Local|Any CPU
		{41B2CE08-9578-42F2-B66D-B27DEB081059}.Local|x86.Build.0 = Local|Any CPU
		{41B2CE08-9578-42F2-B66D-B27DEB081059}.LocalCi|Any CPU.ActiveCfg = LocalCi|Any CPU
		{41B2CE08-9578-42F2-B66D-B27DEB081059}.LocalCi|Any CPU.Build.0 = LocalCi|Any CPU
		{41B2CE08-9578-42F2-B66D-B27DEB081059}.LocalCi|x86.ActiveCfg = LocalCi|Any CPU
		{41B2CE08-9578-42F2-B66D-B27DEB081059}.LocalCi|x86.Build.0 = LocalCi|Any CPU
		{41B2CE08-9578-42F2-B66D-B27DEB081059}.Release|Any CPU.ActiveCfg = Release|Any CPU
		{41B2CE08-9578-42F2-B66D-B27DEB081059}.Release|Any CPU.Build.0 = Release|Any CPU
		{41B2CE08-9578-42F2-B66D-B27DEB081059}.Release|x86.ActiveCfg = Release|Any CPU
		{41B2CE08-9578-42F2-B66D-B27DEB081059}.Release|x86.Build.0 = Release|Any CPU
		{399BACDD-F969-42B3-A8B6-7A0CAE894741}.Debug|Any CPU.ActiveCfg = Debug|Any CPU
		{399BACDD-F969-42B3-A8B6-7A0CAE894741}.Debug|Any CPU.Build.0 = Debug|Any CPU
		{399BACDD-F969-42B3-A8B6-7A0CAE894741}.Debug|x86.ActiveCfg = Debug|Any CPU
		{399BACDD-F969-42B3-A8B6-7A0CAE894741}.Debug|x86.Build.0 = Debug|Any CPU
		{399BACDD-F969-42B3-A8B6-7A0CAE894741}.Local|Any CPU.ActiveCfg = Local|Any CPU
		{399BACDD-F969-42B3-A8B6-7A0CAE894741}.Local|Any CPU.Build.0 = Local|Any CPU
		{399BACDD-F969-42B3-A8B6-7A0CAE894741}.Local|x86.ActiveCfg = Local|Any CPU
		{399BACDD-F969-42B3-A8B6-7A0CAE894741}.Local|x86.Build.0 = Local|Any CPU
		{399BACDD-F969-42B3-A8B6-7A0CAE894741}.LocalCi|Any CPU.ActiveCfg = LocalCi|Any CPU
		{399BACDD-F969-42B3-A8B6-7A0CAE894741}.LocalCi|Any CPU.Build.0 = LocalCi|Any CPU
		{399BACDD-F969-42B3-A8B6-7A0CAE894741}.LocalCi|x86.ActiveCfg = LocalCi|Any CPU
		{399BACDD-F969-42B3-A8B6-7A0CAE894741}.LocalCi|x86.Build.0 = LocalCi|Any CPU
		{399BACDD-F969-42B3-A8B6-7A0CAE894741}.Release|Any CPU.ActiveCfg = Release|Any CPU
		{399BACDD-F969-42B3-A8B6-7A0CAE894741}.Release|Any CPU.Build.0 = Release|Any CPU
		{399BACDD-F969-42B3-A8B6-7A0CAE894741}.Release|x86.ActiveCfg = Release|Any CPU
		{399BACDD-F969-42B3-A8B6-7A0CAE894741}.Release|x86.Build.0 = Release|Any CPU
		{49497DED-8CDF-49CD-9A59-00B7403C4A98}.Debug|Any CPU.ActiveCfg = Debug|Any CPU
		{49497DED-8CDF-49CD-9A59-00B7403C4A98}.Debug|Any CPU.Build.0 = Debug|Any CPU
		{49497DED-8CDF-49CD-9A59-00B7403C4A98}.Debug|x86.ActiveCfg = Debug|Any CPU
		{49497DED-8CDF-49CD-9A59-00B7403C4A98}.Debug|x86.Build.0 = Debug|Any CPU
		{49497DED-8CDF-49CD-9A59-00B7403C4A98}.Local|Any CPU.ActiveCfg = Local|Any CPU
		{49497DED-8CDF-49CD-9A59-00B7403C4A98}.Local|Any CPU.Build.0 = Local|Any CPU
		{49497DED-8CDF-49CD-9A59-00B7403C4A98}.Local|x86.ActiveCfg = Local|Any CPU
		{49497DED-8CDF-49CD-9A59-00B7403C4A98}.Local|x86.Build.0 = Local|Any CPU
		{49497DED-8CDF-49CD-9A59-00B7403C4A98}.LocalCi|Any CPU.ActiveCfg = LocalCi|Any CPU
		{49497DED-8CDF-49CD-9A59-00B7403C4A98}.LocalCi|Any CPU.Build.0 = LocalCi|Any CPU
		{49497DED-8CDF-49CD-9A59-00B7403C4A98}.LocalCi|x86.ActiveCfg = LocalCi|Any CPU
		{49497DED-8CDF-49CD-9A59-00B7403C4A98}.LocalCi|x86.Build.0 = LocalCi|Any CPU
		{49497DED-8CDF-49CD-9A59-00B7403C4A98}.Release|Any CPU.ActiveCfg = Release|Any CPU
		{49497DED-8CDF-49CD-9A59-00B7403C4A98}.Release|Any CPU.Build.0 = Release|Any CPU
		{49497DED-8CDF-49CD-9A59-00B7403C4A98}.Release|x86.ActiveCfg = Release|Any CPU
		{49497DED-8CDF-49CD-9A59-00B7403C4A98}.Release|x86.Build.0 = Release|Any CPU
		{06DA536F-18C8-461F-9580-38675C0F9366}.Debug|Any CPU.ActiveCfg = Debug|Any CPU
		{06DA536F-18C8-461F-9580-38675C0F9366}.Debug|Any CPU.Build.0 = Debug|Any CPU
		{06DA536F-18C8-461F-9580-38675C0F9366}.Debug|x86.ActiveCfg = Debug|Any CPU
		{06DA536F-18C8-461F-9580-38675C0F9366}.Debug|x86.Build.0 = Debug|Any CPU
		{06DA536F-18C8-461F-9580-38675C0F9366}.Local|Any CPU.ActiveCfg = Local|Any CPU
		{06DA536F-18C8-461F-9580-38675C0F9366}.Local|Any CPU.Build.0 = Local|Any CPU
		{06DA536F-18C8-461F-9580-38675C0F9366}.Local|x86.ActiveCfg = Local|Any CPU
		{06DA536F-18C8-461F-9580-38675C0F9366}.Local|x86.Build.0 = Local|Any CPU
		{06DA536F-18C8-461F-9580-38675C0F9366}.LocalCi|Any CPU.ActiveCfg = LocalCi|Any CPU
		{06DA536F-18C8-461F-9580-38675C0F9366}.LocalCi|Any CPU.Build.0 = LocalCi|Any CPU
		{06DA536F-18C8-461F-9580-38675C0F9366}.LocalCi|x86.ActiveCfg = LocalCi|Any CPU
		{06DA536F-18C8-461F-9580-38675C0F9366}.LocalCi|x86.Build.0 = LocalCi|Any CPU
		{06DA536F-18C8-461F-9580-38675C0F9366}.Release|Any CPU.ActiveCfg = Release|Any CPU
		{06DA536F-18C8-461F-9580-38675C0F9366}.Release|Any CPU.Build.0 = Release|Any CPU
		{06DA536F-18C8-461F-9580-38675C0F9366}.Release|x86.ActiveCfg = Release|Any CPU
		{06DA536F-18C8-461F-9580-38675C0F9366}.Release|x86.Build.0 = Release|Any CPU
		{0CA82973-B562-401A-8919-76AC69E3BC6F}.Debug|Any CPU.ActiveCfg = Debug|Any CPU
		{0CA82973-B562-401A-8919-76AC69E3BC6F}.Debug|Any CPU.Build.0 = Debug|Any CPU
		{0CA82973-B562-401A-8919-76AC69E3BC6F}.Debug|x86.ActiveCfg = Debug|x86
		{0CA82973-B562-401A-8919-76AC69E3BC6F}.Debug|x86.Build.0 = Debug|x86
		{0CA82973-B562-401A-8919-76AC69E3BC6F}.Local|Any CPU.ActiveCfg = Local|Any CPU
		{0CA82973-B562-401A-8919-76AC69E3BC6F}.Local|Any CPU.Build.0 = Local|Any CPU
		{0CA82973-B562-401A-8919-76AC69E3BC6F}.Local|x86.ActiveCfg = Local|x86
		{0CA82973-B562-401A-8919-76AC69E3BC6F}.Local|x86.Build.0 = Local|x86
		{0CA82973-B562-401A-8919-76AC69E3BC6F}.LocalCi|Any CPU.ActiveCfg = LocalCi|Any CPU
		{0CA82973-B562-401A-8919-76AC69E3BC6F}.LocalCi|Any CPU.Build.0 = LocalCi|Any CPU
		{0CA82973-B562-401A-8919-76AC69E3BC6F}.LocalCi|x86.ActiveCfg = LocalCi|x86
		{0CA82973-B562-401A-8919-76AC69E3BC6F}.LocalCi|x86.Build.0 = LocalCi|x86
		{0CA82973-B562-401A-8919-76AC69E3BC6F}.Release|Any CPU.ActiveCfg = Release|Any CPU
		{0CA82973-B562-401A-8919-76AC69E3BC6F}.Release|Any CPU.Build.0 = Release|Any CPU
		{0CA82973-B562-401A-8919-76AC69E3BC6F}.Release|x86.ActiveCfg = Release|x86
		{0CA82973-B562-401A-8919-76AC69E3BC6F}.Release|x86.Build.0 = Release|x86
	EndGlobalSection
	GlobalSection(SolutionProperties) = preSolution
		HideSolutionNode = FALSE
	EndGlobalSection
	GlobalSection(NestedProjects) = preSolution
		{DC965EE0-0A2D-4009-A62D-7DBD311331F8} = {3A59F3A0-0EF5-4C59-8005-7C0BD1C7E377}
		{0BE923AC-ED68-43BA-9DDF-FD26ED254E66} = {3A59F3A0-0EF5-4C59-8005-7C0BD1C7E377}
		{82D4C03F-12C2-4698-A85C-7D583608378C} = {3A59F3A0-0EF5-4C59-8005-7C0BD1C7E377}
		{9BC9248A-24AA-4E22-B4F9-83F80593129E} = {3A59F3A0-0EF5-4C59-8005-7C0BD1C7E377}
		{5F9F612E-7DE9-43FC-BCDF-F147B7023339} = {3A59F3A0-0EF5-4C59-8005-7C0BD1C7E377}
		{57A83538-D098-438C-8FDF-3E8CE7B559BE} = {3A59F3A0-0EF5-4C59-8005-7C0BD1C7E377}
		{86B7C1F3-F9EC-4128-A672-B088A505C0E7} = {3A59F3A0-0EF5-4C59-8005-7C0BD1C7E377}
		{41B2CE08-9578-42F2-B66D-B27DEB081059} = {3A59F3A0-0EF5-4C59-8005-7C0BD1C7E377}
		{399BACDD-F969-42B3-A8B6-7A0CAE894741} = {3A59F3A0-0EF5-4C59-8005-7C0BD1C7E377}
		{49497DED-8CDF-49CD-9A59-00B7403C4A98} = {3A59F3A0-0EF5-4C59-8005-7C0BD1C7E377}
		{06DA536F-18C8-461F-9580-38675C0F9366} = {3A59F3A0-0EF5-4C59-8005-7C0BD1C7E377}
		{0CA82973-B562-401A-8919-76AC69E3BC6F} = {3A59F3A0-0EF5-4C59-8005-7C0BD1C7E377}
	EndGlobalSection
	GlobalSection(ExtensibilityGlobals) = postSolution
		SolutionGuid = {AB25B45C-801F-44ED-94D4-7B612BCC27DF}
	EndGlobalSection
EndGlobal
