
Microsoft Visual Studio Solution File, Format Version 12.00
# Visual Studio Version 16
VisualStudioVersion = 16.0.30804.86
MinimumVisualStudioVersion = 10.0.40219.1
Project("{9A19103F-16F7-4668-BE54-9A1E7A4F7556}") = "PsrmLib", "..\PsrmUtils\Source\PsrmLib\PsrmLib.csproj", "{06DA536F-18C8-461F-9580-38675C0F9366}"
EndProject
Project("{9A19103F-16F7-4668-BE54-9A1E7A4F7556}") = "HeckLib", "..\hecklib-core\Source\HeckLib\HeckLib.csproj", "{1677361D-0777-4E22-B11B-44A3F7F8509F}"
EndProject
Project("{2150E333-8FDC-42A3-9474-1A3956D46DE8}") = "Dependencies", "Dependencies", "{2CD513F0-D1BA-4062-B3E0-B92713BA7726}"
EndProject
Project("{9A19103F-16F7-4668-BE54-9A1E7A4F7556}") = "hecklib-graphics", "..\hecklib-graphics\Source\hecklib-graphics\hecklib-graphics.csproj", "{88F221CD-C144-455B-96E0-443C77CA2651}"
EndProject
Project("{9A19103F-16F7-4668-BE54-9A1E7A4F7556}") = "hecklib-database", "..\hecklib-database\Source\hecklib-database\hecklib-database.csproj", "{49497DED-8CDF-49CD-9A59-00B7403C4A98}"
EndProject
Project("{9A19103F-16F7-4668-BE54-9A1E7A4F7556}") = "hecklib-rawfiles-thermo", "..\hecklib-rawfiles\Source\hecklib-rawfiles-thermo\hecklib-rawfiles-thermo.csproj", "{50C17DC7-9827-496E-8E42-33F34E96AFB8}"
EndProject
Project("{9A19103F-16F7-4668-BE54-9A1E7A4F7556}") = "hecklib-rawfiles-mgf", "..\hecklib-rawfiles\Source\hecklib-rawfiles-mgf\hecklib-rawfiles-mgf.csproj", "{57A83538-D098-438C-8FDF-3E8CE7B559BE}"
EndProject
Project("{9A19103F-16F7-4668-BE54-9A1E7A4F7556}") = "hecklib-rawfiles", "..\hecklib-rawfiles\Source\hecklib-rawfiles\hecklib-rawfiles.csproj", "{58C0B88B-7F3E-4E46-A826-BE3B749EE8C5}"
EndProject
Project("{9A19103F-16F7-4668-BE54-9A1E7A4F7556}") = "Bio.Core", "..\biocore\Source\Bio.Core\Bio.Core.csproj", "{1533A8BB-0E1D-42CD-945D-344B9996ABED}"
EndProject
Project("{9A19103F-16F7-4668-BE54-9A1E7A4F7556}") = "ImgtFilterLib", "..\ImgtFilter2\Source\ImgtFilterLib\ImgtFilterLib.csproj", "{B965116A-7C58-4653-B42C-1F787E798DB7}"
EndProject
Project("{9A19103F-16F7-4668-BE54-9A1E7A4F7556}") = "hecklib-precalc", "..\hecklib-precalc\Source\hecklib-precalc\hecklib-precalc.csproj", "{4F3936C0-8982-49FB-A6E5-A1E25154EE16}"
EndProject
Project("{2150E333-8FDC-42A3-9474-1A3956D46DE8}") = "FabLab", "FabLab", "{6F7A35DA-7049-49B2-9C97-FED723713E22}"
EndProject
Project("{9A19103F-16F7-4668-BE54-9A1E7A4F7556}") = "FabLab", "FabLab\FabLab.csproj", "{01FD09CD-08D3-43C4-A4E8-623EE3E183C3}"
EndProject
Project("{9A19103F-16F7-4668-BE54-9A1E7A4F7556}") = "hecklib-win32", "..\hecklib-win32\Source\hecklibWin32\hecklib-win32.csproj", "{E804E16E-5BE0-42F4-B821-8231A082D365}"
EndProject
Project("{2150E333-8FDC-42A3-9474-1A3956D46DE8}") = "Solution Items", "Solution Items", "{168212F8-96C3-4CBB-972D-B185B5EF997E}"
	ProjectSection(SolutionItems) = preProject
		.gitignore = .gitignore
	EndProjectSection
EndProject
Project("{2150E333-8FDC-42A3-9474-1A3956D46DE8}") = "Installer", "Installer", "{747AAB28-B1A9-4AA4-9B54-500135AEE1FC}"
EndProject
Global
	GlobalSection(SolutionConfigurationPlatforms) = preSolution
		Debug|Any CPU = Debug|Any CPU
		Debug|ARM64 = Debug|ARM64
		Debug|x64 = Debug|x64
		Debug|x86 = Debug|x86
		Local|Any CPU = Local|Any CPU
		Local|ARM64 = Local|ARM64
		Local|x64 = Local|x64
		Local|x86 = Local|x86
		LocalCi|Any CPU = LocalCi|Any CPU
		LocalCi|ARM64 = LocalCi|ARM64
		LocalCi|x64 = LocalCi|x64
		LocalCi|x86 = LocalCi|x86
		Release|Any CPU = Release|Any CPU
		Release|ARM64 = Release|ARM64
		Release|x64 = Release|x64
		Release|x86 = Release|x86
	EndGlobalSection
	GlobalSection(ProjectConfigurationPlatforms) = postSolution
		{06DA536F-18C8-461F-9580-38675C0F9366}.Debug|Any CPU.ActiveCfg = Debug|Any CPU
		{06DA536F-18C8-461F-9580-38675C0F9366}.Debug|ARM64.ActiveCfg = Debug|Any CPU
		{06DA536F-18C8-461F-9580-38675C0F9366}.Debug|ARM64.Build.0 = Debug|Any CPU
		{06DA536F-18C8-461F-9580-38675C0F9366}.Debug|x64.ActiveCfg = Debug|Any CPU
		{06DA536F-18C8-461F-9580-38675C0F9366}.Debug|x64.Build.0 = Debug|Any CPU
		{06DA536F-18C8-461F-9580-38675C0F9366}.Debug|x86.ActiveCfg = Debug|Any CPU
		{06DA536F-18C8-461F-9580-38675C0F9366}.Debug|x86.Build.0 = Debug|Any CPU
		{06DA536F-18C8-461F-9580-38675C0F9366}.Local|Any CPU.ActiveCfg = Local|Any CPU
		{06DA536F-18C8-461F-9580-38675C0F9366}.Local|Any CPU.Build.0 = Local|Any CPU
		{06DA536F-18C8-461F-9580-38675C0F9366}.Local|ARM64.ActiveCfg = Local|Any CPU
		{06DA536F-18C8-461F-9580-38675C0F9366}.Local|ARM64.Build.0 = Local|Any CPU
		{06DA536F-18C8-461F-9580-38675C0F9366}.Local|x64.ActiveCfg = Local|Any CPU
		{06DA536F-18C8-461F-9580-38675C0F9366}.Local|x64.Build.0 = Local|Any CPU
		{06DA536F-18C8-461F-9580-38675C0F9366}.Local|x86.ActiveCfg = Local|Any CPU
		{06DA536F-18C8-461F-9580-38675C0F9366}.Local|x86.Build.0 = Local|Any CPU
		{06DA536F-18C8-461F-9580-38675C0F9366}.LocalCi|Any CPU.ActiveCfg = LocalCi|Any CPU
		{06DA536F-18C8-461F-9580-38675C0F9366}.LocalCi|Any CPU.Build.0 = LocalCi|Any CPU
		{06DA536F-18C8-461F-9580-38675C0F9366}.LocalCi|ARM64.ActiveCfg = LocalCi|Any CPU
		{06DA536F-18C8-461F-9580-38675C0F9366}.LocalCi|ARM64.Build.0 = LocalCi|Any CPU
		{06DA536F-18C8-461F-9580-38675C0F9366}.LocalCi|x64.ActiveCfg = LocalCi|Any CPU
		{06DA536F-18C8-461F-9580-38675C0F9366}.LocalCi|x64.Build.0 = LocalCi|Any CPU
		{06DA536F-18C8-461F-9580-38675C0F9366}.LocalCi|x86.ActiveCfg = LocalCi|Any CPU
		{06DA536F-18C8-461F-9580-38675C0F9366}.LocalCi|x86.Build.0 = LocalCi|Any CPU
		{06DA536F-18C8-461F-9580-38675C0F9366}.Release|Any CPU.ActiveCfg = Release|Any CPU
		{06DA536F-18C8-461F-9580-38675C0F9366}.Release|Any CPU.Build.0 = Release|Any CPU
		{06DA536F-18C8-461F-9580-38675C0F9366}.Release|ARM64.ActiveCfg = Release|Any CPU
		{06DA536F-18C8-461F-9580-38675C0F9366}.Release|ARM64.Build.0 = Release|Any CPU
		{06DA536F-18C8-461F-9580-38675C0F9366}.Release|x64.ActiveCfg = Release|Any CPU
		{06DA536F-18C8-461F-9580-38675C0F9366}.Release|x64.Build.0 = Release|Any CPU
		{06DA536F-18C8-461F-9580-38675C0F9366}.Release|x86.ActiveCfg = Release|Any CPU
		{06DA536F-18C8-461F-9580-38675C0F9366}.Release|x86.Build.0 = Release|Any CPU
		{1677361D-0777-4E22-B11B-44A3F7F8509F}.Debug|Any CPU.ActiveCfg = Debug|Any CPU
		{1677361D-0777-4E22-B11B-44A3F7F8509F}.Debug|ARM64.ActiveCfg = Debug|Any CPU
		{1677361D-0777-4E22-B11B-44A3F7F8509F}.Debug|ARM64.Build.0 = Debug|Any CPU
		{1677361D-0777-4E22-B11B-44A3F7F8509F}.Debug|x64.ActiveCfg = Debug|Any CPU
		{1677361D-0777-4E22-B11B-44A3F7F8509F}.Debug|x64.Build.0 = Debug|Any CPU
		{1677361D-0777-4E22-B11B-44A3F7F8509F}.Debug|x86.ActiveCfg = Debug|Any CPU
		{1677361D-0777-4E22-B11B-44A3F7F8509F}.Debug|x86.Build.0 = Debug|Any CPU
		{1677361D-0777-4E22-B11B-44A3F7F8509F}.Local|Any CPU.ActiveCfg = Local|Any CPU
		{1677361D-0777-4E22-B11B-44A3F7F8509F}.Local|Any CPU.Build.0 = Local|Any CPU
		{1677361D-0777-4E22-B11B-44A3F7F8509F}.Local|ARM64.ActiveCfg = Local|Any CPU
		{1677361D-0777-4E22-B11B-44A3F7F8509F}.Local|ARM64.Build.0 = Local|Any CPU
		{1677361D-0777-4E22-B11B-44A3F7F8509F}.Local|x64.ActiveCfg = Local|Any CPU
		{1677361D-0777-4E22-B11B-44A3F7F8509F}.Local|x64.Build.0 = Local|Any CPU
		{1677361D-0777-4E22-B11B-44A3F7F8509F}.Local|x86.ActiveCfg = Local|Any CPU
		{1677361D-0777-4E22-B11B-44A3F7F8509F}.Local|x86.Build.0 = Local|Any CPU
		{1677361D-0777-4E22-B11B-44A3F7F8509F}.LocalCi|Any CPU.ActiveCfg = LocalCi|Any CPU
		{1677361D-0777-4E22-B11B-44A3F7F8509F}.LocalCi|Any CPU.Build.0 = LocalCi|Any CPU
		{1677361D-0777-4E22-B11B-44A3F7F8509F}.LocalCi|ARM64.ActiveCfg = LocalCi|Any CPU
		{1677361D-0777-4E22-B11B-44A3F7F8509F}.LocalCi|ARM64.Build.0 = LocalCi|Any CPU
		{1677361D-0777-4E22-B11B-44A3F7F8509F}.LocalCi|x64.ActiveCfg = LocalCi|Any CPU
		{1677361D-0777-4E22-B11B-44A3F7F8509F}.LocalCi|x64.Build.0 = LocalCi|Any CPU
		{1677361D-0777-4E22-B11B-44A3F7F8509F}.LocalCi|x86.ActiveCfg = LocalCi|Any CPU
		{1677361D-0777-4E22-B11B-44A3F7F8509F}.LocalCi|x86.Build.0 = LocalCi|Any CPU
		{1677361D-0777-4E22-B11B-44A3F7F8509F}.Release|Any CPU.ActiveCfg = Release|Any CPU
		{1677361D-0777-4E22-B11B-44A3F7F8509F}.Release|Any CPU.Build.0 = Release|Any CPU
		{1677361D-0777-4E22-B11B-44A3F7F8509F}.Release|ARM64.ActiveCfg = Release|Any CPU
		{1677361D-0777-4E22-B11B-44A3F7F8509F}.Release|ARM64.Build.0 = Release|Any CPU
		{1677361D-0777-4E22-B11B-44A3F7F8509F}.Release|x64.ActiveCfg = Release|Any CPU
		{1677361D-0777-4E22-B11B-44A3F7F8509F}.Release|x64.Build.0 = Release|Any CPU
		{1677361D-0777-4E22-B11B-44A3F7F8509F}.Release|x86.ActiveCfg = Release|Any CPU
		{1677361D-0777-4E22-B11B-44A3F7F8509F}.Release|x86.Build.0 = Release|Any CPU
		{88F221CD-C144-455B-96E0-443C77CA2651}.Debug|Any CPU.ActiveCfg = Debug|Any CPU
		{88F221CD-C144-455B-96E0-443C77CA2651}.Debug|ARM64.ActiveCfg = Debug|Any CPU
		{88F221CD-C144-455B-96E0-443C77CA2651}.Debug|ARM64.Build.0 = Debug|Any CPU
		{88F221CD-C144-455B-96E0-443C77CA2651}.Debug|x64.ActiveCfg = Debug|Any CPU
		{88F221CD-C144-455B-96E0-443C77CA2651}.Debug|x64.Build.0 = Debug|Any CPU
		{88F221CD-C144-455B-96E0-443C77CA2651}.Debug|x86.ActiveCfg = Debug|x86
		{88F221CD-C144-455B-96E0-443C77CA2651}.Debug|x86.Build.0 = Debug|x86
		{88F221CD-C144-455B-96E0-443C77CA2651}.Local|Any CPU.ActiveCfg = Local|Any CPU
		{88F221CD-C144-455B-96E0-443C77CA2651}.Local|Any CPU.Build.0 = Local|Any CPU
		{88F221CD-C144-455B-96E0-443C77CA2651}.Local|ARM64.ActiveCfg = Local|Any CPU
		{88F221CD-C144-455B-96E0-443C77CA2651}.Local|ARM64.Build.0 = Local|Any CPU
		{88F221CD-C144-455B-96E0-443C77CA2651}.Local|x64.ActiveCfg = Local|Any CPU
		{88F221CD-C144-455B-96E0-443C77CA2651}.Local|x64.Build.0 = Local|Any CPU
		{88F221CD-C144-455B-96E0-443C77CA2651}.Local|x86.ActiveCfg = Local|x86
		{88F221CD-C144-455B-96E0-443C77CA2651}.Local|x86.Build.0 = Local|x86
		{88F221CD-C144-455B-96E0-443C77CA2651}.LocalCi|Any CPU.ActiveCfg = LocalCi|Any CPU
		{88F221CD-C144-455B-96E0-443C77CA2651}.LocalCi|Any CPU.Build.0 = LocalCi|Any CPU
		{88F221CD-C144-455B-96E0-443C77CA2651}.LocalCi|ARM64.ActiveCfg = LocalCi|Any CPU
		{88F221CD-C144-455B-96E0-443C77CA2651}.LocalCi|ARM64.Build.0 = LocalCi|Any CPU
		{88F221CD-C144-455B-96E0-443C77CA2651}.LocalCi|x64.ActiveCfg = LocalCi|Any CPU
		{88F221CD-C144-455B-96E0-443C77CA2651}.LocalCi|x64.Build.0 = LocalCi|Any CPU
		{88F221CD-C144-455B-96E0-443C77CA2651}.LocalCi|x86.ActiveCfg = LocalCi|x86
		{88F221CD-C144-455B-96E0-443C77CA2651}.LocalCi|x86.Build.0 = LocalCi|x86
		{88F221CD-C144-455B-96E0-443C77CA2651}.Release|Any CPU.ActiveCfg = Release|Any CPU
		{88F221CD-C144-455B-96E0-443C77CA2651}.Release|Any CPU.Build.0 = Release|Any CPU
		{88F221CD-C144-455B-96E0-443C77CA2651}.Release|ARM64.ActiveCfg = Release|Any CPU
		{88F221CD-C144-455B-96E0-443C77CA2651}.Release|ARM64.Build.0 = Release|Any CPU
		{88F221CD-C144-455B-96E0-443C77CA2651}.Release|x64.ActiveCfg = Release|Any CPU
		{88F221CD-C144-455B-96E0-443C77CA2651}.Release|x64.Build.0 = Release|Any CPU
		{88F221CD-C144-455B-96E0-443C77CA2651}.Release|x86.ActiveCfg = Release|x86
		{88F221CD-C144-455B-96E0-443C77CA2651}.Release|x86.Build.0 = Release|x86
		{49497DED-8CDF-49CD-9A59-00B7403C4A98}.Debug|Any CPU.ActiveCfg = Debug|Any CPU
		{49497DED-8CDF-49CD-9A59-00B7403C4A98}.Debug|ARM64.ActiveCfg = Debug|Any CPU
		{49497DED-8CDF-49CD-9A59-00B7403C4A98}.Debug|ARM64.Build.0 = Debug|Any CPU
		{49497DED-8CDF-49CD-9A59-00B7403C4A98}.Debug|x64.ActiveCfg = Debug|Any CPU
		{49497DED-8CDF-49CD-9A59-00B7403C4A98}.Debug|x64.Build.0 = Debug|Any CPU
		{49497DED-8CDF-49CD-9A59-00B7403C4A98}.Debug|x86.ActiveCfg = Debug|Any CPU
		{49497DED-8CDF-49CD-9A59-00B7403C4A98}.Debug|x86.Build.0 = Debug|Any CPU
		{49497DED-8CDF-49CD-9A59-00B7403C4A98}.Local|Any CPU.ActiveCfg = Local|Any CPU
		{49497DED-8CDF-49CD-9A59-00B7403C4A98}.Local|Any CPU.Build.0 = Local|Any CPU
		{49497DED-8CDF-49CD-9A59-00B7403C4A98}.Local|ARM64.ActiveCfg = Local|Any CPU
		{49497DED-8CDF-49CD-9A59-00B7403C4A98}.Local|ARM64.Build.0 = Local|Any CPU
		{49497DED-8CDF-49CD-9A59-00B7403C4A98}.Local|x64.ActiveCfg = Local|Any CPU
		{49497DED-8CDF-49CD-9A59-00B7403C4A98}.Local|x64.Build.0 = Local|Any CPU
		{49497DED-8CDF-49CD-9A59-00B7403C4A98}.Local|x86.ActiveCfg = Local|Any CPU
		{49497DED-8CDF-49CD-9A59-00B7403C4A98}.Local|x86.Build.0 = Local|Any CPU
		{49497DED-8CDF-49CD-9A59-00B7403C4A98}.LocalCi|Any CPU.ActiveCfg = LocalCi|Any CPU
		{49497DED-8CDF-49CD-9A59-00B7403C4A98}.LocalCi|Any CPU.Build.0 = LocalCi|Any CPU
		{49497DED-8CDF-49CD-9A59-00B7403C4A98}.LocalCi|ARM64.ActiveCfg = LocalCi|Any CPU
		{49497DED-8CDF-49CD-9A59-00B7403C4A98}.LocalCi|ARM64.Build.0 = LocalCi|Any CPU
		{49497DED-8CDF-49CD-9A59-00B7403C4A98}.LocalCi|x64.ActiveCfg = LocalCi|Any CPU
		{49497DED-8CDF-49CD-9A59-00B7403C4A98}.LocalCi|x64.Build.0 = LocalCi|Any CPU
		{49497DED-8CDF-49CD-9A59-00B7403C4A98}.LocalCi|x86.ActiveCfg = LocalCi|Any CPU
		{49497DED-8CDF-49CD-9A59-00B7403C4A98}.LocalCi|x86.Build.0 = LocalCi|Any CPU
		{49497DED-8CDF-49CD-9A59-00B7403C4A98}.Release|Any CPU.ActiveCfg = Release|Any CPU
		{49497DED-8CDF-49CD-9A59-00B7403C4A98}.Release|Any CPU.Build.0 = Release|Any CPU
		{49497DED-8CDF-49CD-9A59-00B7403C4A98}.Release|ARM64.ActiveCfg = Release|Any CPU
		{49497DED-8CDF-49CD-9A59-00B7403C4A98}.Release|ARM64.Build.0 = Release|Any CPU
		{49497DED-8CDF-49CD-9A59-00B7403C4A98}.Release|x64.ActiveCfg = Release|Any CPU
		{49497DED-8CDF-49CD-9A59-00B7403C4A98}.Release|x64.Build.0 = Release|Any CPU
		{49497DED-8CDF-49CD-9A59-00B7403C4A98}.Release|x86.ActiveCfg = Release|Any CPU
		{49497DED-8CDF-49CD-9A59-00B7403C4A98}.Release|x86.Build.0 = Release|Any CPU
		{50C17DC7-9827-496E-8E42-33F34E96AFB8}.Debug|Any CPU.ActiveCfg = Debug|Any CPU
		{50C17DC7-9827-496E-8E42-33F34E96AFB8}.Debug|ARM64.ActiveCfg = Debug|Any CPU
		{50C17DC7-9827-496E-8E42-33F34E96AFB8}.Debug|ARM64.Build.0 = Debug|Any CPU
		{50C17DC7-9827-496E-8E42-33F34E96AFB8}.Debug|x64.ActiveCfg = Debug|Any CPU
		{50C17DC7-9827-496E-8E42-33F34E96AFB8}.Debug|x64.Build.0 = Debug|Any CPU
		{50C17DC7-9827-496E-8E42-33F34E96AFB8}.Debug|x86.ActiveCfg = Debug|Any CPU
		{50C17DC7-9827-496E-8E42-33F34E96AFB8}.Debug|x86.Build.0 = Debug|Any CPU
		{50C17DC7-9827-496E-8E42-33F34E96AFB8}.Local|Any CPU.ActiveCfg = Local|Any CPU
		{50C17DC7-9827-496E-8E42-33F34E96AFB8}.Local|Any CPU.Build.0 = Local|Any CPU
		{50C17DC7-9827-496E-8E42-33F34E96AFB8}.Local|ARM64.ActiveCfg = Local|Any CPU
		{50C17DC7-9827-496E-8E42-33F34E96AFB8}.Local|ARM64.Build.0 = Local|Any CPU
		{50C17DC7-9827-496E-8E42-33F34E96AFB8}.Local|x64.ActiveCfg = Local|Any CPU
		{50C17DC7-9827-496E-8E42-33F34E96AFB8}.Local|x64.Build.0 = Local|Any CPU
		{50C17DC7-9827-496E-8E42-33F34E96AFB8}.Local|x86.ActiveCfg = Local|Any CPU
		{50C17DC7-9827-496E-8E42-33F34E96AFB8}.Local|x86.Build.0 = Local|Any CPU
		{50C17DC7-9827-496E-8E42-33F34E96AFB8}.LocalCi|Any CPU.ActiveCfg = LocalCi|Any CPU
		{50C17DC7-9827-496E-8E42-33F34E96AFB8}.LocalCi|Any CPU.Build.0 = LocalCi|Any CPU
		{50C17DC7-9827-496E-8E42-33F34E96AFB8}.LocalCi|ARM64.ActiveCfg = LocalCi|Any CPU
		{50C17DC7-9827-496E-8E42-33F34E96AFB8}.LocalCi|ARM64.Build.0 = LocalCi|Any CPU
		{50C17DC7-9827-496E-8E42-33F34E96AFB8}.LocalCi|x64.ActiveCfg = LocalCi|Any CPU
		{50C17DC7-9827-496E-8E42-33F34E96AFB8}.LocalCi|x64.Build.0 = LocalCi|Any CPU
		{50C17DC7-9827-496E-8E42-33F34E96AFB8}.LocalCi|x86.ActiveCfg = LocalCi|Any CPU
		{50C17DC7-9827-496E-8E42-33F34E96AFB8}.LocalCi|x86.Build.0 = LocalCi|Any CPU
		{50C17DC7-9827-496E-8E42-33F34E96AFB8}.Release|Any CPU.ActiveCfg = Release|Any CPU
		{50C17DC7-9827-496E-8E42-33F34E96AFB8}.Release|Any CPU.Build.0 = Release|Any CPU
		{50C17DC7-9827-496E-8E42-33F34E96AFB8}.Release|ARM64.ActiveCfg = Release|Any CPU
		{50C17DC7-9827-496E-8E42-33F34E96AFB8}.Release|ARM64.Build.0 = Release|Any CPU
		{50C17DC7-9827-496E-8E42-33F34E96AFB8}.Release|x64.ActiveCfg = Release|Any CPU
		{50C17DC7-9827-496E-8E42-33F34E96AFB8}.Release|x64.Build.0 = Release|Any CPU
		{50C17DC7-9827-496E-8E42-33F34E96AFB8}.Release|x86.ActiveCfg = Release|Any CPU
		{50C17DC7-9827-496E-8E42-33F34E96AFB8}.Release|x86.Build.0 = Release|Any CPU
		{57A83538-D098-438C-8FDF-3E8CE7B559BE}.Debug|Any CPU.ActiveCfg = Debug|Any CPU
		{57A83538-D098-438C-8FDF-3E8CE7B559BE}.Debug|ARM64.ActiveCfg = Debug|Any CPU
		{57A83538-D098-438C-8FDF-3E8CE7B559BE}.Debug|ARM64.Build.0 = Debug|Any CPU
		{57A83538-D098-438C-8FDF-3E8CE7B559BE}.Debug|x64.ActiveCfg = Debug|Any CPU
		{57A83538-D098-438C-8FDF-3E8CE7B559BE}.Debug|x64.Build.0 = Debug|Any CPU
		{57A83538-D098-438C-8FDF-3E8CE7B559BE}.Debug|x86.ActiveCfg = Debug|Any CPU
		{57A83538-D098-438C-8FDF-3E8CE7B559BE}.Debug|x86.Build.0 = Debug|Any CPU
		{57A83538-D098-438C-8FDF-3E8CE7B559BE}.Local|Any CPU.ActiveCfg = Local|Any CPU
		{57A83538-D098-438C-8FDF-3E8CE7B559BE}.Local|Any CPU.Build.0 = Local|Any CPU
		{57A83538-D098-438C-8FDF-3E8CE7B559BE}.Local|ARM64.ActiveCfg = Local|Any CPU
		{57A83538-D098-438C-8FDF-3E8CE7B559BE}.Local|ARM64.Build.0 = Local|Any CPU
		{57A83538-D098-438C-8FDF-3E8CE7B559BE}.Local|x64.ActiveCfg = Local|Any CPU
		{57A83538-D098-438C-8FDF-3E8CE7B559BE}.Local|x64.Build.0 = Local|Any CPU
		{57A83538-D098-438C-8FDF-3E8CE7B559BE}.Local|x86.ActiveCfg = Local|Any CPU
		{57A83538-D098-438C-8FDF-3E8CE7B559BE}.Local|x86.Build.0 = Local|Any CPU
		{57A83538-D098-438C-8FDF-3E8CE7B559BE}.LocalCi|Any CPU.ActiveCfg = LocalCi|Any CPU
		{57A83538-D098-438C-8FDF-3E8CE7B559BE}.LocalCi|Any CPU.Build.0 = LocalCi|Any CPU
		{57A83538-D098-438C-8FDF-3E8CE7B559BE}.LocalCi|ARM64.ActiveCfg = LocalCi|Any CPU
		{57A83538-D098-438C-8FDF-3E8CE7B559BE}.LocalCi|ARM64.Build.0 = LocalCi|Any CPU
		{57A83538-D098-438C-8FDF-3E8CE7B559BE}.LocalCi|x64.ActiveCfg = LocalCi|Any CPU
		{57A83538-D098-438C-8FDF-3E8CE7B559BE}.LocalCi|x64.Build.0 = LocalCi|Any CPU
		{57A83538-D098-438C-8FDF-3E8CE7B559BE}.LocalCi|x86.ActiveCfg = LocalCi|Any CPU
		{57A83538-D098-438C-8FDF-3E8CE7B559BE}.LocalCi|x86.Build.0 = LocalCi|Any CPU
		{57A83538-D098-438C-8FDF-3E8CE7B559BE}.Release|Any CPU.ActiveCfg = Release|Any CPU
		{57A83538-D098-438C-8FDF-3E8CE7B559BE}.Release|Any CPU.Build.0 = Release|Any CPU
		{57A83538-D098-438C-8FDF-3E8CE7B559BE}.Release|ARM64.ActiveCfg = Release|Any CPU
		{57A83538-D098-438C-8FDF-3E8CE7B559BE}.Release|ARM64.Build.0 = Release|Any CPU
		{57A83538-D098-438C-8FDF-3E8CE7B559BE}.Release|x64.ActiveCfg = Release|Any CPU
		{57A83538-D098-438C-8FDF-3E8CE7B559BE}.Release|x64.Build.0 = Release|Any CPU
		{57A83538-D098-438C-8FDF-3E8CE7B559BE}.Release|x86.ActiveCfg = Release|Any CPU
		{57A83538-D098-438C-8FDF-3E8CE7B559BE}.Release|x86.Build.0 = Release|Any CPU
		{58C0B88B-7F3E-4E46-A826-BE3B749EE8C5}.Debug|Any CPU.ActiveCfg = Debug|Any CPU
		{58C0B88B-7F3E-4E46-A826-BE3B749EE8C5}.Debug|ARM64.ActiveCfg = Debug|Any CPU
		{58C0B88B-7F3E-4E46-A826-BE3B749EE8C5}.Debug|ARM64.Build.0 = Debug|Any CPU
		{58C0B88B-7F3E-4E46-A826-BE3B749EE8C5}.Debug|x64.ActiveCfg = Debug|Any CPU
		{58C0B88B-7F3E-4E46-A826-BE3B749EE8C5}.Debug|x64.Build.0 = Debug|Any CPU
		{58C0B88B-7F3E-4E46-A826-BE3B749EE8C5}.Debug|x86.ActiveCfg = Debug|Any CPU
		{58C0B88B-7F3E-4E46-A826-BE3B749EE8C5}.Debug|x86.Build.0 = Debug|Any CPU
		{58C0B88B-7F3E-4E46-A826-BE3B749EE8C5}.Local|Any CPU.ActiveCfg = Local|Any CPU
		{58C0B88B-7F3E-4E46-A826-BE3B749EE8C5}.Local|Any CPU.Build.0 = Local|Any CPU
		{58C0B88B-7F3E-4E46-A826-BE3B749EE8C5}.Local|ARM64.ActiveCfg = Local|Any CPU
		{58C0B88B-7F3E-4E46-A826-BE3B749EE8C5}.Local|ARM64.Build.0 = Local|Any CPU
		{58C0B88B-7F3E-4E46-A826-BE3B749EE8C5}.Local|x64.ActiveCfg = Local|Any CPU
		{58C0B88B-7F3E-4E46-A826-BE3B749EE8C5}.Local|x64.Build.0 = Local|Any CPU
		{58C0B88B-7F3E-4E46-A826-BE3B749EE8C5}.Local|x86.ActiveCfg = Local|Any CPU
		{58C0B88B-7F3E-4E46-A826-BE3B749EE8C5}.Local|x86.Build.0 = Local|Any CPU
		{58C0B88B-7F3E-4E46-A826-BE3B749EE8C5}.LocalCi|Any CPU.ActiveCfg = LocalCi|Any CPU
		{58C0B88B-7F3E-4E46-A826-BE3B749EE8C5}.LocalCi|Any CPU.Build.0 = LocalCi|Any CPU
		{58C0B88B-7F3E-4E46-A826-BE3B749EE8C5}.LocalCi|ARM64.ActiveCfg = LocalCi|Any CPU
		{58C0B88B-7F3E-4E46-A826-BE3B749EE8C5}.LocalCi|ARM64.Build.0 = LocalCi|Any CPU
		{58C0B88B-7F3E-4E46-A826-BE3B749EE8C5}.LocalCi|x64.ActiveCfg = LocalCi|Any CPU
		{58C0B88B-7F3E-4E46-A826-BE3B749EE8C5}.LocalCi|x64.Build.0 = LocalCi|Any CPU
		{58C0B88B-7F3E-4E46-A826-BE3B749EE8C5}.LocalCi|x86.ActiveCfg = LocalCi|Any CPU
		{58C0B88B-7F3E-4E46-A826-BE3B749EE8C5}.LocalCi|x86.Build.0 = LocalCi|Any CPU
		{58C0B88B-7F3E-4E46-A826-BE3B749EE8C5}.Release|Any CPU.ActiveCfg = Release|Any CPU
		{58C0B88B-7F3E-4E46-A826-BE3B749EE8C5}.Release|Any CPU.Build.0 = Release|Any CPU
		{58C0B88B-7F3E-4E46-A826-BE3B749EE8C5}.Release|ARM64.ActiveCfg = Release|Any CPU
		{58C0B88B-7F3E-4E46-A826-BE3B749EE8C5}.Release|ARM64.Build.0 = Release|Any CPU
		{58C0B88B-7F3E-4E46-A826-BE3B749EE8C5}.Release|x64.ActiveCfg = Release|Any CPU
		{58C0B88B-7F3E-4E46-A826-BE3B749EE8C5}.Release|x64.Build.0 = Release|Any CPU
		{58C0B88B-7F3E-4E46-A826-BE3B749EE8C5}.Release|x86.ActiveCfg = Release|Any CPU
		{58C0B88B-7F3E-4E46-A826-BE3B749EE8C5}.Release|x86.Build.0 = Release|Any CPU
		{1533A8BB-0E1D-42CD-945D-344B9996ABED}.Debug|Any CPU.ActiveCfg = Debug|Any CPU
		{1533A8BB-0E1D-42CD-945D-344B9996ABED}.Debug|ARM64.ActiveCfg = Debug|Any CPU
		{1533A8BB-0E1D-42CD-945D-344B9996ABED}.Debug|ARM64.Build.0 = Debug|Any CPU
		{1533A8BB-0E1D-42CD-945D-344B9996ABED}.Debug|x64.ActiveCfg = Debug|Any CPU
		{1533A8BB-0E1D-42CD-945D-344B9996ABED}.Debug|x64.Build.0 = Debug|Any CPU
		{1533A8BB-0E1D-42CD-945D-344B9996ABED}.Debug|x86.ActiveCfg = Debug|Any CPU
		{1533A8BB-0E1D-42CD-945D-344B9996ABED}.Debug|x86.Build.0 = Debug|Any CPU
		{1533A8BB-0E1D-42CD-945D-344B9996ABED}.Local|Any CPU.ActiveCfg = Local|Any CPU
		{1533A8BB-0E1D-42CD-945D-344B9996ABED}.Local|Any CPU.Build.0 = Local|Any CPU
		{1533A8BB-0E1D-42CD-945D-344B9996ABED}.Local|ARM64.ActiveCfg = Local|Any CPU
		{1533A8BB-0E1D-42CD-945D-344B9996ABED}.Local|ARM64.Build.0 = Local|Any CPU
		{1533A8BB-0E1D-42CD-945D-344B9996ABED}.Local|x64.ActiveCfg = Local|Any CPU
		{1533A8BB-0E1D-42CD-945D-344B9996ABED}.Local|x64.Build.0 = Local|Any CPU
		{1533A8BB-0E1D-42CD-945D-344B9996ABED}.Local|x86.ActiveCfg = Local|Any CPU
		{1533A8BB-0E1D-42CD-945D-344B9996ABED}.Local|x86.Build.0 = Local|Any CPU
		{1533A8BB-0E1D-42CD-945D-344B9996ABED}.LocalCi|Any CPU.ActiveCfg = LocalCi|Any CPU
		{1533A8BB-0E1D-42CD-945D-344B9996ABED}.LocalCi|Any CPU.Build.0 = LocalCi|Any CPU
		{1533A8BB-0E1D-42CD-945D-344B9996ABED}.LocalCi|ARM64.ActiveCfg = LocalCi|Any CPU
		{1533A8BB-0E1D-42CD-945D-344B9996ABED}.LocalCi|ARM64.Build.0 = LocalCi|Any CPU
		{1533A8BB-0E1D-42CD-945D-344B9996ABED}.LocalCi|x64.ActiveCfg = LocalCi|Any CPU
		{1533A8BB-0E1D-42CD-945D-344B9996ABED}.LocalCi|x64.Build.0 = LocalCi|Any CPU
		{1533A8BB-0E1D-42CD-945D-344B9996ABED}.LocalCi|x86.ActiveCfg = LocalCi|Any CPU
		{1533A8BB-0E1D-42CD-945D-344B9996ABED}.LocalCi|x86.Build.0 = LocalCi|Any CPU
		{1533A8BB-0E1D-42CD-945D-344B9996ABED}.Release|Any CPU.ActiveCfg = Release|Any CPU
		{1533A8BB-0E1D-42CD-945D-344B9996ABED}.Release|Any CPU.Build.0 = Release|Any CPU
		{1533A8BB-0E1D-42CD-945D-344B9996ABED}.Release|ARM64.ActiveCfg = Release|Any CPU
		{1533A8BB-0E1D-42CD-945D-344B9996ABED}.Release|ARM64.Build.0 = Release|Any CPU
		{1533A8BB-0E1D-42CD-945D-344B9996ABED}.Release|x64.ActiveCfg = Release|Any CPU
		{1533A8BB-0E1D-42CD-945D-344B9996ABED}.Release|x64.Build.0 = Release|Any CPU
		{1533A8BB-0E1D-42CD-945D-344B9996ABED}.Release|x86.ActiveCfg = Release|Any CPU
		{1533A8BB-0E1D-42CD-945D-344B9996ABED}.Release|x86.Build.0 = Release|Any CPU
		{B965116A-7C58-4653-B42C-1F787E798DB7}.Debug|Any CPU.ActiveCfg = Debug|Any CPU
		{B965116A-7C58-4653-B42C-1F787E798DB7}.Debug|ARM64.ActiveCfg = Debug|Any CPU
		{B965116A-7C58-4653-B42C-1F787E798DB7}.Debug|ARM64.Build.0 = Debug|Any CPU
		{B965116A-7C58-4653-B42C-1F787E798DB7}.Debug|x64.ActiveCfg = Debug|Any CPU
		{B965116A-7C58-4653-B42C-1F787E798DB7}.Debug|x64.Build.0 = Debug|Any CPU
		{B965116A-7C58-4653-B42C-1F787E798DB7}.Debug|x86.ActiveCfg = Debug|Any CPU
		{B965116A-7C58-4653-B42C-1F787E798DB7}.Debug|x86.Build.0 = Debug|Any CPU
		{B965116A-7C58-4653-B42C-1F787E798DB7}.Local|Any CPU.ActiveCfg = Local|Any CPU
		{B965116A-7C58-4653-B42C-1F787E798DB7}.Local|Any CPU.Build.0 = Local|Any CPU
		{B965116A-7C58-4653-B42C-1F787E798DB7}.Local|ARM64.ActiveCfg = Local|Any CPU
		{B965116A-7C58-4653-B42C-1F787E798DB7}.Local|ARM64.Build.0 = Local|Any CPU
		{B965116A-7C58-4653-B42C-1F787E798DB7}.Local|x64.ActiveCfg = Local|Any CPU
		{B965116A-7C58-4653-B42C-1F787E798DB7}.Local|x64.Build.0 = Local|Any CPU
		{B965116A-7C58-4653-B42C-1F787E798DB7}.Local|x86.ActiveCfg = Local|Any CPU
		{B965116A-7C58-4653-B42C-1F787E798DB7}.Local|x86.Build.0 = Local|Any CPU
		{B965116A-7C58-4653-B42C-1F787E798DB7}.LocalCi|Any CPU.ActiveCfg = LocalCi|Any CPU
		{B965116A-7C58-4653-B42C-1F787E798DB7}.LocalCi|Any CPU.Build.0 = LocalCi|Any CPU
		{B965116A-7C58-4653-B42C-1F787E798DB7}.LocalCi|ARM64.ActiveCfg = LocalCi|Any CPU
		{B965116A-7C58-4653-B42C-1F787E798DB7}.LocalCi|ARM64.Build.0 = LocalCi|Any CPU
		{B965116A-7C58-4653-B42C-1F787E798DB7}.LocalCi|x64.ActiveCfg = LocalCi|Any CPU
		{B965116A-7C58-4653-B42C-1F787E798DB7}.LocalCi|x64.Build.0 = LocalCi|Any CPU
		{B965116A-7C58-4653-B42C-1F787E798DB7}.LocalCi|x86.ActiveCfg = LocalCi|Any CPU
		{B965116A-7C58-4653-B42C-1F787E798DB7}.LocalCi|x86.Build.0 = LocalCi|Any CPU
		{B965116A-7C58-4653-B42C-1F787E798DB7}.Release|Any CPU.ActiveCfg = Release|Any CPU
		{B965116A-7C58-4653-B42C-1F787E798DB7}.Release|Any CPU.Build.0 = Release|Any CPU
		{B965116A-7C58-4653-B42C-1F787E798DB7}.Release|ARM64.ActiveCfg = Release|Any CPU
		{B965116A-7C58-4653-B42C-1F787E798DB7}.Release|ARM64.Build.0 = Release|Any CPU
		{B965116A-7C58-4653-B42C-1F787E798DB7}.Release|x64.ActiveCfg = Release|Any CPU
		{B965116A-7C58-4653-B42C-1F787E798DB7}.Release|x64.Build.0 = Release|Any CPU
		{B965116A-7C58-4653-B42C-1F787E798DB7}.Release|x86.ActiveCfg = Release|Any CPU
		{B965116A-7C58-4653-B42C-1F787E798DB7}.Release|x86.Build.0 = Release|Any CPU
		{4F3936C0-8982-49FB-A6E5-A1E25154EE16}.Debug|Any CPU.ActiveCfg = Debug|Any CPU
		{4F3936C0-8982-49FB-A6E5-A1E25154EE16}.Debug|ARM64.ActiveCfg = Debug|Any CPU
		{4F3936C0-8982-49FB-A6E5-A1E25154EE16}.Debug|ARM64.Build.0 = Debug|Any CPU
		{4F3936C0-8982-49FB-A6E5-A1E25154EE16}.Debug|x64.ActiveCfg = Debug|Any CPU
		{4F3936C0-8982-49FB-A6E5-A1E25154EE16}.Debug|x64.Build.0 = Debug|Any CPU
		{4F3936C0-8982-49FB-A6E5-A1E25154EE16}.Debug|x86.ActiveCfg = Debug|Any CPU
		{4F3936C0-8982-49FB-A6E5-A1E25154EE16}.Debug|x86.Build.0 = Debug|Any CPU
		{4F3936C0-8982-49FB-A6E5-A1E25154EE16}.Local|Any CPU.ActiveCfg = Local|Any CPU
		{4F3936C0-8982-49FB-A6E5-A1E25154EE16}.Local|Any CPU.Build.0 = Local|Any CPU
		{4F3936C0-8982-49FB-A6E5-A1E25154EE16}.Local|ARM64.ActiveCfg = Local|Any CPU
		{4F3936C0-8982-49FB-A6E5-A1E25154EE16}.Local|ARM64.Build.0 = Local|Any CPU
		{4F3936C0-8982-49FB-A6E5-A1E25154EE16}.Local|x64.ActiveCfg = Local|Any CPU
		{4F3936C0-8982-49FB-A6E5-A1E25154EE16}.Local|x64.Build.0 = Local|Any CPU
		{4F3936C0-8982-49FB-A6E5-A1E25154EE16}.Local|x86.ActiveCfg = Local|Any CPU
		{4F3936C0-8982-49FB-A6E5-A1E25154EE16}.Local|x86.Build.0 = Local|Any CPU
		{4F3936C0-8982-49FB-A6E5-A1E25154EE16}.LocalCi|Any CPU.ActiveCfg = LocalCi|Any CPU
		{4F3936C0-8982-49FB-A6E5-A1E25154EE16}.LocalCi|Any CPU.Build.0 = LocalCi|Any CPU
		{4F3936C0-8982-49FB-A6E5-A1E25154EE16}.LocalCi|ARM64.ActiveCfg = LocalCi|Any CPU
		{4F3936C0-8982-49FB-A6E5-A1E25154EE16}.LocalCi|ARM64.Build.0 = LocalCi|Any CPU
		{4F3936C0-8982-49FB-A6E5-A1E25154EE16}.LocalCi|x64.ActiveCfg = LocalCi|Any CPU
		{4F3936C0-8982-49FB-A6E5-A1E25154EE16}.LocalCi|x64.Build.0 = LocalCi|Any CPU
		{4F3936C0-8982-49FB-A6E5-A1E25154EE16}.LocalCi|x86.ActiveCfg = LocalCi|Any CPU
		{4F3936C0-8982-49FB-A6E5-A1E25154EE16}.LocalCi|x86.Build.0 = LocalCi|Any CPU
		{4F3936C0-8982-49FB-A6E5-A1E25154EE16}.Release|Any CPU.ActiveCfg = Release|Any CPU
		{4F3936C0-8982-49FB-A6E5-A1E25154EE16}.Release|Any CPU.Build.0 = Release|Any CPU
		{4F3936C0-8982-49FB-A6E5-A1E25154EE16}.Release|ARM64.ActiveCfg = Release|Any CPU
		{4F3936C0-8982-49FB-A6E5-A1E25154EE16}.Release|ARM64.Build.0 = Release|Any CPU
		{4F3936C0-8982-49FB-A6E5-A1E25154EE16}.Release|x64.ActiveCfg = Release|Any CPU
		{4F3936C0-8982-49FB-A6E5-A1E25154EE16}.Release|x64.Build.0 = Release|Any CPU
		{4F3936C0-8982-49FB-A6E5-A1E25154EE16}.Release|x86.ActiveCfg = Release|Any CPU
		{4F3936C0-8982-49FB-A6E5-A1E25154EE16}.Release|x86.Build.0 = Release|Any CPU
		{01FD09CD-08D3-43C4-A4E8-623EE3E183C3}.Debug|Any CPU.ActiveCfg = Debug|Any CPU
		{01FD09CD-08D3-43C4-A4E8-623EE3E183C3}.Debug|Any CPU.Build.0 = Debug|Any CPU
		{01FD09CD-08D3-43C4-A4E8-623EE3E183C3}.Debug|ARM64.ActiveCfg = Debug|Any CPU
		{01FD09CD-08D3-43C4-A4E8-623EE3E183C3}.Debug|ARM64.Build.0 = Debug|Any CPU
		{01FD09CD-08D3-43C4-A4E8-623EE3E183C3}.Debug|x64.ActiveCfg = Debug|Any CPU
		{01FD09CD-08D3-43C4-A4E8-623EE3E183C3}.Debug|x64.Build.0 = Debug|Any CPU
		{01FD09CD-08D3-43C4-A4E8-623EE3E183C3}.Debug|x86.ActiveCfg = Debug|Any CPU
		{01FD09CD-08D3-43C4-A4E8-623EE3E183C3}.Debug|x86.Build.0 = Debug|Any CPU
		{01FD09CD-08D3-43C4-A4E8-623EE3E183C3}.Local|Any CPU.ActiveCfg = Local|Any CPU
		{01FD09CD-08D3-43C4-A4E8-623EE3E183C3}.Local|Any CPU.Build.0 = Local|Any CPU
		{01FD09CD-08D3-43C4-A4E8-623EE3E183C3}.Local|ARM64.ActiveCfg = Local|Any CPU
		{01FD09CD-08D3-43C4-A4E8-623EE3E183C3}.Local|ARM64.Build.0 = Local|Any CPU
		{01FD09CD-08D3-43C4-A4E8-623EE3E183C3}.Local|x64.ActiveCfg = Local|Any CPU
		{01FD09CD-08D3-43C4-A4E8-623EE3E183C3}.Local|x64.Build.0 = Local|Any CPU
		{01FD09CD-08D3-43C4-A4E8-623EE3E183C3}.Local|x86.ActiveCfg = Local|Any CPU
		{01FD09CD-08D3-43C4-A4E8-623EE3E183C3}.Local|x86.Build.0 = Local|Any CPU
		{01FD09CD-08D3-43C4-A4E8-623EE3E183C3}.LocalCi|Any CPU.ActiveCfg = LocalCi|Any CPU
		{01FD09CD-08D3-43C4-A4E8-623EE3E183C3}.LocalCi|Any CPU.Build.0 = LocalCi|Any CPU
		{01FD09CD-08D3-43C4-A4E8-623EE3E183C3}.LocalCi|ARM64.ActiveCfg = LocalCi|Any CPU
		{01FD09CD-08D3-43C4-A4E8-623EE3E183C3}.LocalCi|ARM64.Build.0 = LocalCi|Any CPU
		{01FD09CD-08D3-43C4-A4E8-623EE3E183C3}.LocalCi|x64.ActiveCfg = LocalCi|Any CPU
		{01FD09CD-08D3-43C4-A4E8-623EE3E183C3}.LocalCi|x64.Build.0 = LocalCi|Any CPU
		{01FD09CD-08D3-43C4-A4E8-623EE3E183C3}.LocalCi|x86.ActiveCfg = LocalCi|Any CPU
		{01FD09CD-08D3-43C4-A4E8-623EE3E183C3}.LocalCi|x86.Build.0 = LocalCi|Any CPU
		{01FD09CD-08D3-43C4-A4E8-623EE3E183C3}.Release|Any CPU.ActiveCfg = Release|Any CPU
		{01FD09CD-08D3-43C4-A4E8-623EE3E183C3}.Release|Any CPU.Build.0 = Release|Any CPU
		{01FD09CD-08D3-43C4-A4E8-623EE3E183C3}.Release|ARM64.ActiveCfg = Release|Any CPU
		{01FD09CD-08D3-43C4-A4E8-623EE3E183C3}.Release|ARM64.Build.0 = Release|Any CPU
		{01FD09CD-08D3-43C4-A4E8-623EE3E183C3}.Release|x64.ActiveCfg = Release|Any CPU
		{01FD09CD-08D3-43C4-A4E8-623EE3E183C3}.Release|x64.Build.0 = Release|Any CPU
		{01FD09CD-08D3-43C4-A4E8-623EE3E183C3}.Release|x86.ActiveCfg = Release|Any CPU
		{01FD09CD-08D3-43C4-A4E8-623EE3E183C3}.Release|x86.Build.0 = Release|Any CPU
		{E804E16E-5BE0-42F4-B821-8231A082D365}.Debug|Any CPU.ActiveCfg = Debug|Any CPU
		{E804E16E-5BE0-42F4-B821-8231A082D365}.Debug|ARM64.ActiveCfg = Debug|Any CPU
		{E804E16E-5BE0-42F4-B821-8231A082D365}.Debug|ARM64.Build.0 = Debug|Any CPU
		{E804E16E-5BE0-42F4-B821-8231A082D365}.Debug|x64.ActiveCfg = Debug|Any CPU
		{E804E16E-5BE0-42F4-B821-8231A082D365}.Debug|x64.Build.0 = Debug|Any CPU
		{E804E16E-5BE0-42F4-B821-8231A082D365}.Debug|x86.ActiveCfg = Debug|Any CPU
		{E804E16E-5BE0-42F4-B821-8231A082D365}.Debug|x86.Build.0 = Debug|Any CPU
		{E804E16E-5BE0-42F4-B821-8231A082D365}.Local|Any CPU.ActiveCfg = Local|Any CPU
		{E804E16E-5BE0-42F4-B821-8231A082D365}.Local|Any CPU.Build.0 = Local|Any CPU
		{E804E16E-5BE0-42F4-B821-8231A082D365}.Local|ARM64.ActiveCfg = Release|Any CPU
		{E804E16E-5BE0-42F4-B821-8231A082D365}.Local|ARM64.Build.0 = Release|Any CPU
		{E804E16E-5BE0-42F4-B821-8231A082D365}.Local|x64.ActiveCfg = Release|Any CPU
		{E804E16E-5BE0-42F4-B821-8231A082D365}.Local|x64.Build.0 = Release|Any CPU
		{E804E16E-5BE0-42F4-B821-8231A082D365}.Local|x86.ActiveCfg = Debug|Any CPU
		{E804E16E-5BE0-42F4-B821-8231A082D365}.Local|x86.Build.0 = Debug|Any CPU
		{E804E16E-5BE0-42F4-B821-8231A082D365}.LocalCi|Any CPU.ActiveCfg = Debug|Any CPU
		{E804E16E-5BE0-42F4-B821-8231A082D365}.LocalCi|Any CPU.Build.0 = Debug|Any CPU
		{E804E16E-5BE0-42F4-B821-8231A082D365}.LocalCi|ARM64.ActiveCfg = Release|Any CPU
		{E804E16E-5BE0-42F4-B821-8231A082D365}.LocalCi|ARM64.Build.0 = Release|Any CPU
		{E804E16E-5BE0-42F4-B821-8231A082D365}.LocalCi|x64.ActiveCfg = Release|Any CPU
		{E804E16E-5BE0-42F4-B821-8231A082D365}.LocalCi|x64.Build.0 = Release|Any CPU
		{E804E16E-5BE0-42F4-B821-8231A082D365}.LocalCi|x86.ActiveCfg = Debug|Any CPU
		{E804E16E-5BE0-42F4-B821-8231A082D365}.LocalCi|x86.Build.0 = Debug|Any CPU
		{E804E16E-5BE0-42F4-B821-8231A082D365}.Release|Any CPU.ActiveCfg = Release|Any CPU
		{E804E16E-5BE0-42F4-B821-8231A082D365}.Release|Any CPU.Build.0 = Release|Any CPU
		{E804E16E-5BE0-42F4-B821-8231A082D365}.Release|ARM64.ActiveCfg = Release|Any CPU
		{E804E16E-5BE0-42F4-B821-8231A082D365}.Release|ARM64.Build.0 = Release|Any CPU
		{E804E16E-5BE0-42F4-B821-8231A082D365}.Release|x64.ActiveCfg = Release|Any CPU
		{E804E16E-5BE0-42F4-B821-8231A082D365}.Release|x64.Build.0 = Release|Any CPU
		{E804E16E-5BE0-42F4-B821-8231A082D365}.Release|x86.ActiveCfg = Release|Any CPU
		{E804E16E-5BE0-42F4-B821-8231A082D365}.Release|x86.Build.0 = Release|Any CPU
	EndGlobalSection
	GlobalSection(SolutionProperties) = preSolution
		HideSolutionNode = FALSE
	EndGlobalSection
	GlobalSection(NestedProjects) = preSolution
		{06DA536F-18C8-461F-9580-38675C0F9366} = {2CD513F0-D1BA-4062-B3E0-B92713BA7726}
		{1677361D-0777-4E22-B11B-44A3F7F8509F} = {2CD513F0-D1BA-4062-B3E0-B92713BA7726}
		{88F221CD-C144-455B-96E0-443C77CA2651} = {2CD513F0-D1BA-4062-B3E0-B92713BA7726}
		{49497DED-8CDF-49CD-9A59-00B7403C4A98} = {2CD513F0-D1BA-4062-B3E0-B92713BA7726}
		{50C17DC7-9827-496E-8E42-33F34E96AFB8} = {2CD513F0-D1BA-4062-B3E0-B92713BA7726}
		{57A83538-D098-438C-8FDF-3E8CE7B559BE} = {2CD513F0-D1BA-4062-B3E0-B92713BA7726}
		{58C0B88B-7F3E-4E46-A826-BE3B749EE8C5} = {2CD513F0-D1BA-4062-B3E0-B92713BA7726}
		{1533A8BB-0E1D-42CD-945D-344B9996ABED} = {2CD513F0-D1BA-4062-B3E0-B92713BA7726}
		{B965116A-7C58-4653-B42C-1F787E798DB7} = {2CD513F0-D1BA-4062-B3E0-B92713BA7726}
		{4F3936C0-8982-49FB-A6E5-A1E25154EE16} = {2CD513F0-D1BA-4062-B3E0-B92713BA7726}
		{01FD09CD-08D3-43C4-A4E8-623EE3E183C3} = {6F7A35DA-7049-49B2-9C97-FED723713E22}
		{E804E16E-5BE0-42F4-B821-8231A082D365} = {2CD513F0-D1BA-4062-B3E0-B92713BA7726}
	EndGlobalSection
	GlobalSection(ExtensibilityGlobals) = postSolution
		SolutionGuid = {C1B3F92B-F3B5-47C6-864D-207E5A0FB5D8}
	EndGlobalSection
EndGlobal
